{
  "lockfileVersion": 1,
  "dependencies": {
    "check-node-version": {
      "version": "2.1.0",
      "resolved": "https://registry.npmjs.org/check-node-version/-/check-node-version-2.1.0.tgz",
      "integrity": "sha1-hVZYQs95oJ36jiZnIFde4K7BmD0="
    },
    "define-properties": {
      "version": "1.1.2",
      "resolved": "https://registry.npmjs.org/define-properties/-/define-properties-1.1.2.tgz",
      "integrity": "sha1-g6c/L+pWmJj7c3GTyPhzyvbUXJQ="
    },
    "foreach": {
      "version": "2.0.5",
      "resolved": "https://registry.npmjs.org/foreach/-/foreach-2.0.5.tgz",
      "integrity": "sha1-C+4AUBiusmDQo6865ljdATbsG5k="
    },
    "function-bind": {
      "version": "1.1.0",
      "resolved": "https://registry.npmjs.org/function-bind/-/function-bind-1.1.0.tgz",
      "integrity": "sha1-FhdnFMgBeY5Ojyz391KUZ7tKV3E="
    },
    "map-values": {
      "version": "1.0.1",
      "resolved": "https://registry.npmjs.org/map-values/-/map-values-1.0.1.tgz",
      "integrity": "sha1-douOecAJvytk/ugG4ip7HEGQyZA="
    },
    "minimist": {
      "version": "1.2.0",
      "resolved": "https://registry.npmjs.org/minimist/-/minimist-1.2.0.tgz",
      "integrity": "sha1-o1AIsg9BOD7sH7kU9M1d95omQoQ="
    },
    "object-filter": {
      "version": "1.0.2",
      "resolved": "https://registry.npmjs.org/object-filter/-/object-filter-1.0.2.tgz",
      "integrity": "sha1-rwt5f/6+r4pSxmN87b6IFs/sG8g="
    },
    "object-keys": {
      "version": "1.0.11",
      "resolved": "https://registry.npmjs.org/object-keys/-/object-keys-1.0.11.tgz",
      "integrity": "sha1-xUYBd4rVYPEULODgG8yotW0TQm0="
    },
    "object.assign": {
      "version": "4.0.4",
      "resolved": "https://registry.npmjs.org/object.assign/-/object.assign-4.0.4.tgz",
      "integrity": "sha1-scnMBE7xuf5jYG/BQau7MuFHMMw="
    },
    "run-parallel": {
      "version": "1.1.6",
      "resolved": "https://registry.npmjs.org/run-parallel/-/run-parallel-1.1.6.tgz",
      "integrity": "sha1-KQA8miFj4B4tLfyQV18sbB1hoDk="
    },
    "semver": {
      "version": "5.3.0",
      "resolved": "https://registry.npmjs.org/semver/-/semver-5.3.0.tgz",
      "integrity": "sha1-myzl094C0XxgEq0yaqa00M9U+U8="
    }
  }
}
